
Microsoft Visual Studio Solution File, Format Version 12.00
# Visual Studio Version 17
VisualStudioVersion = 17.3.32922.545
MinimumVisualStudioVersion = 10.0.40219.1
Project("{FAE04EC0-301F-11D3-BF4B-00C04F79EFBC}") = "4laba", "4laba\4laba.csproj", "{297D968D-7788-4DB2-8099-6AB2854B1490}"
EndProject
Global
	GlobalSection(SolutionConfigurationPlatforms) = preSolution
		Debug|Any CPU = Debug|Any CPU
		Release|Any CPU = Release|Any CPU
	EndGlobalSection
	GlobalSection(ProjectConfigurationPlatforms) = postSolution
		{297D968D-7788-4DB2-8099-6AB2854B1490}.Debug|Any CPU.ActiveCfg = Debug|Any CPU
		{297D968D-7788-4DB2-8099-6AB2854B1490}.Debug|Any CPU.Build.0 = Debug|Any CPU
		{297D968D-7788-4DB2-8099-6AB2854B1490}.Release|Any CPU.ActiveCfg = Release|Any CPU
		{297D968D-7788-4DB2-8099-6AB2854B1490}.Release|Any CPU.Build.0 = Release|Any CPU
	EndGlobalSection
	GlobalSection(SolutionProperties) = preSolution
		HideSolutionNode = FALSE
	EndGlobalSection
	GlobalSection(ExtensibilityGlobals) = postSolution
		SolutionGuid = {6852CFA8-9962-4D26-80A6-6F5E518FE042}
	EndGlobalSection
EndGlobal
